
Microsoft Visual Studio Solution File, Format Version 12.00
# Visual Studio Version 16
VisualStudioVersion = 16.0.30114.105
MinimumVisualStudioVersion = 10.0.40219.1
Project("{FAE04EC0-301F-11D3-BF4B-00C04F79EFBC}") = "API", "API\API.csproj", "{279DF3CE-8BB2-45D4-AF11-F4DB2E528D2C}"
EndProject
Project("{FAE04EC0-301F-11D3-BF4B-00C04F79EFBC}") = "Application", "Application\Application.csproj", "{F106997D-C302-442C-BB81-88633543FE19}"
EndProject
Project("{FAE04EC0-301F-11D3-BF4B-00C04F79EFBC}") = "Persistence", "Persistence\Persistence.csproj", "{99B21397-7179-4851-A1C9-57F40CD7D51E}"
EndProject
Project("{FAE04EC0-301F-11D3-BF4B-00C04F79EFBC}") = "Domain", "Domain\Domain.csproj", "{03C945ED-2A40-41C1-8A30-9EA3E0ED4174}"
EndProject
Global
	GlobalSection(SolutionConfigurationPlatforms) = preSolution
		Debug|Any CPU = Debug|Any CPU
		Debug|x64 = Debug|x64
		Debug|x86 = Debug|x86
		Release|Any CPU = Release|Any CPU
		Release|x64 = Release|x64
		Release|x86 = Release|x86
	EndGlobalSection
	GlobalSection(SolutionProperties) = preSolution
		HideSolutionNode = FALSE
	EndGlobalSection
	GlobalSection(ProjectConfigurationPlatforms) = postSolution
		{279DF3CE-8BB2-45D4-AF11-F4DB2E528D2C}.Debug|Any CPU.ActiveCfg = Debug|Any CPU
		{279DF3CE-8BB2-45D4-AF11-F4DB2E528D2C}.Debug|Any CPU.Build.0 = Debug|Any CPU
		{279DF3CE-8BB2-45D4-AF11-F4DB2E528D2C}.Debug|x64.ActiveCfg = Debug|Any CPU
		{279DF3CE-8BB2-45D4-AF11-F4DB2E528D2C}.Debug|x64.Build.0 = Debug|Any CPU
		{279DF3CE-8BB2-45D4-AF11-F4DB2E528D2C}.Debug|x86.ActiveCfg = Debug|Any CPU
		{279DF3CE-8BB2-45D4-AF11-F4DB2E528D2C}.Debug|x86.Build.0 = Debug|Any CPU
		{279DF3CE-8BB2-45D4-AF11-F4DB2E528D2C}.Release|Any CPU.ActiveCfg = Release|Any CPU
		{279DF3CE-8BB2-45D4-AF11-F4DB2E528D2C}.Release|Any CPU.Build.0 = Release|Any CPU
		{279DF3CE-8BB2-45D4-AF11-F4DB2E528D2C}.Release|x64.ActiveCfg = Release|Any CPU
		{279DF3CE-8BB2-45D4-AF11-F4DB2E528D2C}.Release|x64.Build.0 = Release|Any CPU
		{279DF3CE-8BB2-45D4-AF11-F4DB2E528D2C}.Release|x86.ActiveCfg = Release|Any CPU
		{279DF3CE-8BB2-45D4-AF11-F4DB2E528D2C}.Release|x86.Build.0 = Release|Any CPU
		{F106997D-C302-442C-BB81-88633543FE19}.Debug|Any CPU.ActiveCfg = Debug|Any CPU
		{F106997D-C302-442C-BB81-88633543FE19}.Debug|Any CPU.Build.0 = Debug|Any CPU
		{F106997D-C302-442C-BB81-88633543FE19}.Debug|x64.ActiveCfg = Debug|Any CPU
		{F106997D-C302-442C-BB81-88633543FE19}.Debug|x64.Build.0 = Debug|Any CPU
		{F106997D-C302-442C-BB81-88633543FE19}.Debug|x86.ActiveCfg = Debug|Any CPU
		{F106997D-C302-442C-BB81-88633543FE19}.Debug|x86.Build.0 = Debug|Any CPU
		{F106997D-C302-442C-BB81-88633543FE19}.Release|Any CPU.ActiveCfg = Release|Any CPU
		{F106997D-C302-442C-BB81-88633543FE19}.Release|Any CPU.Build.0 = Release|Any CPU
		{F106997D-C302-442C-BB81-88633543FE19}.Release|x64.ActiveCfg = Release|Any CPU
		{F106997D-C302-442C-BB81-88633543FE19}.Release|x64.Build.0 = Release|Any CPU
		{F106997D-C302-442C-BB81-88633543FE19}.Release|x86.ActiveCfg = Release|Any CPU
		{F106997D-C302-442C-BB81-88633543FE19}.Release|x86.Build.0 = Release|Any CPU
		{99B21397-7179-4851-A1C9-57F40CD7D51E}.Debug|Any CPU.ActiveCfg = Debug|Any CPU
		{99B21397-7179-4851-A1C9-57F40CD7D51E}.Debug|Any CPU.Build.0 = Debug|Any CPU
		{99B21397-7179-4851-A1C9-57F40CD7D51E}.Debug|x64.ActiveCfg = Debug|Any CPU
		{99B21397-7179-4851-A1C9-57F40CD7D51E}.Debug|x64.Build.0 = Debug|Any CPU
		{99B21397-7179-4851-A1C9-57F40CD7D51E}.Debug|x86.ActiveCfg = Debug|Any CPU
		{99B21397-7179-4851-A1C9-57F40CD7D51E}.Debug|x86.Build.0 = Debug|Any CPU
		{99B21397-7179-4851-A1C9-57F40CD7D51E}.Release|Any CPU.ActiveCfg = Release|Any CPU
		{99B21397-7179-4851-A1C9-57F40CD7D51E}.Release|Any CPU.Build.0 = Release|Any CPU
		{99B21397-7179-4851-A1C9-57F40CD7D51E}.Release|x64.ActiveCfg = Release|Any CPU
		{99B21397-7179-4851-A1C9-57F40CD7D51E}.Release|x64.Build.0 = Release|Any CPU
		{99B21397-7179-4851-A1C9-57F40CD7D51E}.Release|x86.ActiveCfg = Release|Any CPU
		{99B21397-7179-4851-A1C9-57F40CD7D51E}.Release|x86.Build.0 = Release|Any CPU
		{03C945ED-2A40-41C1-8A30-9EA3E0ED4174}.Debug|Any CPU.ActiveCfg = Debug|Any CPU
		{03C945ED-2A40-41C1-8A30-9EA3E0ED4174}.Debug|Any CPU.Build.0 = Debug|Any CPU
		{03C945ED-2A40-41C1-8A30-9EA3E0ED4174}.Debug|x64.ActiveCfg = Debug|Any CPU
		{03C945ED-2A40-41C1-8A30-9EA3E0ED4174}.Debug|x64.Build.0 = Debug|Any CPU
		{03C945ED-2A40-41C1-8A30-9EA3E0ED4174}.Debug|x86.ActiveCfg = Debug|Any CPU
		{03C945ED-2A40-41C1-8A30-9EA3E0ED4174}.Debug|x86.Build.0 = Debug|Any CPU
		{03C945ED-2A40-41C1-8A30-9EA3E0ED4174}.Release|Any CPU.ActiveCfg = Release|Any CPU
		{03C945ED-2A40-41C1-8A30-9EA3E0ED4174}.Release|Any CPU.Build.0 = Release|Any CPU
		{03C945ED-2A40-41C1-8A30-9EA3E0ED4174}.Release|x64.ActiveCfg = Release|Any CPU
		{03C945ED-2A40-41C1-8A30-9EA3E0ED4174}.Release|x64.Build.0 = Release|Any CPU
		{03C945ED-2A40-41C1-8A30-9EA3E0ED4174}.Release|x86.ActiveCfg = Release|Any CPU
		{03C945ED-2A40-41C1-8A30-9EA3E0ED4174}.Release|x86.Build.0 = Release|Any CPU
	EndGlobalSection
EndGlobal
